{
  "version": 4,
  "terraform_version": "1.3.4",
  "serial": 0,
  "lineage": "2150d5a8-2b1b-ad89-443a-46a9f20c037f",
  "outputs": {},
  "resources": [
    {
      "mode": "data",
      "type": "yandex_compute_image",
      "name": "image",
      "provider": "provider[\"registry.terraform.io/yandex-cloud/yandex\"]",
      "instances": [
        {
          "schema_version": 0,
          "attributes": {
            "created_at": "2022-06-20T10:43:03Z",
            "description": "LEMP",
            "family": "lemp",
            "folder_id": "standard-images",
            "id": "fd8lur056bsfs83gfnvm",
            "image_id": "fd8lur056bsfs83gfnvm",
            "labels": {},
            "min_disk_size": 3,
            "name": "lemp-v20220620",
            "os_type": "linux",
            "pooled": true,
            "product_ids": [
              "f2ec3jc5n293i5q2fkra",
              "f2el8bvfossqruqgt6sb"
            ],
            "size": 2,
            "status": "ready"
          },
          "sensitive_attributes": []
        }
      ]
    },
    {
      "mode": "managed",
      "type": "yandex_compute_instance",
      "name": "default",
      "provider": "provider[\"registry.terraform.io/yandex-cloud/yandex\"]",
      "instances": [
        {
          "schema_version": 1,
          "attributes": {
            "allow_recreate": null,
            "allow_stopping_for_update": null,
            "boot_disk": [
              {
                "auto_delete": true,
                "device_name": "fhmofdcgreso2d74iqem",
                "disk_id": "fhmofdcgreso2d74iqem",
                "initialize_params": [
                  {
                    "block_size": 4096,
                    "description": "",
                    "image_id": "fd8lur056bsfs83gfnvm",
                    "name": "",
                    "size": 3,
                    "snapshot_id": "",
                    "type": "network-hdd"
                  }
                ],
                "mode": "READ_WRITE"
              }
            ],
            "created_at": "2022-11-09T12:36:12Z",
            "description": "",
            "folder_id": "b1g46bklm25efh7fh01a",
            "fqdn": "fhmnvjpu7c31e3tfioru.auto.internal",
            "hostname": "",
            "id": "fhmnvjpu7c31e3tfioru",
            "labels": null,
            "local_disk": [],
            "metadata": {
              "ssh-keys": "ubuntu:ssh-rsa AAAAB3NzaC1yc2EAAAADAQABAAABgQDM2KoNH8BssEEQFxSRKafNot+yC//MBQQ5ewzHjjnkE7s8wgEaYU+RvCUU6cFj8njFUnzsl8J0jGOrEDhwhmphivRQHFbXCEYRRGB6qah+KJkq8IVdLYCylvOWFCFLlusAAAQ+4m7tsiHwg6m3FTFDAFO7IO39EdU1bvHY4v/JeoDaYhkNHQabJJikmH6+mK12W+3bRkMBVq3PvMtfQzCXMqbog7+0lHLmpaD9slpURj35tuhJ+2OwHDrAHDt6/kXexiVsr7UD+GXfZSiMvfpvLgsRnlmvw9iv4ZEeyRsGhr5TQTWR2BTe0coBC3CfBXerhzILkqSK/7m4L5GEqLdH27wu1He7KR+ILLx4UqNoQLrpGEgMzrj7BqBsXYPfcoxQIGhrlL3yJFWxL5GTVMcqQyn6Z7/3pojXpj3gvNEIX6EL2zZwY2LX6bI7hcFhU9zUg6z46kQdZm6j/v3mQabbi3c9yf2B31E5PnTP3ZKRyDv0QDkjUfTSiqhfGxu9S1U= jeka664@b5\n"
            },
            "name": "vm1",
            "network_acceleration_type": "standard",
            "network_interface": [
              {
                "dns_record": [],
                "index": 0,
                "ip_address": "10.128.0.22",
                "ipv4": true,
                "ipv6": false,
                "ipv6_address": "",
                "ipv6_dns_record": [],
                "mac_address": "d0:0d:17:fc:f3:e3",
                "nat": true,
                "nat_dns_record": [],
                "nat_ip_address": "51.250.11.122",
                "nat_ip_version": "IPV4",
                "security_group_ids": [],
                "subnet_id": "e9bvikfql8psatoo6cbi"
              }
            ],
            "placement_policy": [
              {
                "host_affinity_rules": [],
                "placement_group_id": ""
              }
            ],
            "platform_id": "standard-v1",
            "resources": [
              {
                "core_fraction": 5,
                "cores": 2,
                "gpus": 0,
                "memory": 1
              }
            ],
            "scheduling_policy": [
              {
                "preemptible": true
              }
            ],
            "secondary_disk": [],
            "service_account_id": "",
            "status": "running",
            "timeouts": null,
            "zone": "ru-central1-a"
          },
          "sensitive_attributes": [],
          "private": "eyJlMmJmYjczMC1lY2FhLTExZTYtOGY4OC0zNDM2M2JjN2M0YzAiOnsiY3JlYXRlIjozMDAwMDAwMDAwMDAsImRlbGV0ZSI6MzAwMDAwMDAwMDAwLCJ1cGRhdGUiOjMwMDAwMDAwMDAwMH0sInNjaGVtYV92ZXJzaW9uIjoiMSJ9",
          "dependencies": [
            "data.yandex_compute_image.image"
          ]
        }
      ]
    }
  ],
  "check_results": null
}
